// !$*UTF8*$!
{
	archiveVersion = 1;
	classes = {
	};
	objectVersion = 46;
	objects = {

/* Begin PBXBuildFile section */
		EBC2FED71CC878EA00D829E1 /* main.m in Sources */ = {isa = PBXBuildFile; fileRef = EBC2FED61CC878EA00D829E1 /* main.m */; };
		EBC2FEE21CC878EA00D829E1 /* Assets.xcassets in Resources */ = {isa = PBXBuildFile; fileRef = EBC2FEE11CC878EA00D829E1 /* Assets.xcassets */; };
		EBC2FEE51CC878EA00D829E1 /* LaunchScreen.storyboard in Resources */ = {isa = PBXBuildFile; fileRef = EBC2FEE31CC878EA00D829E1 /* LaunchScreen.storyboard */; };
		EBC2FF011CC8887D00D829E1 /* AppDelegate.m in Sources */ = {isa = PBXBuildFile; fileRef = EBC2FEFA1CC8887D00D829E1 /* AppDelegate.m */; };
		EBC2FF021CC8887D00D829E1 /* BootLogic.m in Sources */ = {isa = PBXBuildFile; fileRef = EBC2FEFC1CC8887D00D829E1 /* BootLogic.m */; };
		EBC2FF031CC8887D00D829E1 /* ConsoleScreen.m in Sources */ = {isa = PBXBuildFile; fileRef = EBC2FEFE1CC8887D00D829E1 /* ConsoleScreen.m */; };
		EBC2FF041CC8887D00D829E1 /* MainScreen.m in Sources */ = {isa = PBXBuildFile; fileRef = EBC2FF001CC8887D00D829E1 /* MainScreen.m */; };
		EBC2FF2B1CCA28F400D829E1 /* DemoFunction.m in Sources */ = {isa = PBXBuildFile; fileRef = EBC2FF2A1CCA28F400D829E1 /* DemoFunction.m */; };
		EBC2FF2F1CCB1B1300D829E1 /* DemoSelector.m in Sources */ = {isa = PBXBuildFile; fileRef = EBC2FF2D1CCB1B1300D829E1 /* DemoSelector.m */; };
		EBC2FF301CCB1B1300D829E1 /* DemoSelector.xib in Resources */ = {isa = PBXBuildFile; fileRef = EBC2FF2E1CCB1B1300D829E1 /* DemoSelector.xib */; };
/* End PBXBuildFile section */

/* Begin PBXFileReference section */
		EBC2FED21CC878EA00D829E1 /* ObjCExamples.app */ = {isa = PBXFileReference; explicitFileType = wrapper.application; includeInIndex = 0; path = ObjCExamples.app; sourceTree = BUILT_PRODUCTS_DIR; };
		EBC2FED61CC878EA00D829E1 /* main.m */ = {isa = PBXFileReference; lastKnownFileType = sourcecode.c.objc; path = main.m; sourceTree = "<group>"; };
		EBC2FEE11CC878EA00D829E1 /* Assets.xcassets */ = {isa = PBXFileReference; lastKnownFileType = folder.assetcatalog; path = Assets.xcassets; sourceTree = "<group>"; };
		EBC2FEE41CC878EA00D829E1 /* Base */ = {isa = PBXFileReference; lastKnownFileType = file.storyboard; name = Base; path = Base.lproj/LaunchScreen.storyboard; sourceTree = "<group>"; };
		EBC2FEE61CC878EA00D829E1 /* Info.plist */ = {isa = PBXFileReference; lastKnownFileType = text.plist.xml; path = Info.plist; sourceTree = "<group>"; };
		EBC2FEF91CC8887D00D829E1 /* AppDelegate.h */ = {isa = PBXFileReference; fileEncoding = 4; lastKnownFileType = sourcecode.c.h; path = AppDelegate.h; sourceTree = "<group>"; };
		EBC2FEFA1CC8887D00D829E1 /* AppDelegate.m */ = {isa = PBXFileReference; fileEncoding = 4; lastKnownFileType = sourcecode.c.objc; path = AppDelegate.m; sourceTree = "<group>"; };
		EBC2FEFB1CC8887D00D829E1 /* BootLogic.h */ = {isa = PBXFileReference; fileEncoding = 4; lastKnownFileType = sourcecode.c.h; path = BootLogic.h; sourceTree = "<group>"; };
		EBC2FEFC1CC8887D00D829E1 /* BootLogic.m */ = {isa = PBXFileReference; fileEncoding = 4; lastKnownFileType = sourcecode.c.objc; path = BootLogic.m; sourceTree = "<group>"; };
		EBC2FEFD1CC8887D00D829E1 /* ConsoleScreen.h */ = {isa = PBXFileReference; fileEncoding = 4; lastKnownFileType = sourcecode.c.h; path = ConsoleScreen.h; sourceTree = "<group>"; };
		EBC2FEFE1CC8887D00D829E1 /* ConsoleScreen.m */ = {isa = PBXFileReference; fileEncoding = 4; lastKnownFileType = sourcecode.c.objc; path = ConsoleScreen.m; sourceTree = "<group>"; };
		EBC2FEFF1CC8887D00D829E1 /* MainScreen.h */ = {isa = PBXFileReference; fileEncoding = 4; lastKnownFileType = sourcecode.c.h; path = MainScreen.h; sourceTree = "<group>"; };
		EBC2FF001CC8887D00D829E1 /* MainScreen.m */ = {isa = PBXFileReference; fileEncoding = 4; lastKnownFileType = sourcecode.c.objc; path = MainScreen.m; sourceTree = "<group>"; };
		EBC2FF291CCA28F400D829E1 /* DemoFunction.h */ = {isa = PBXFileReference; fileEncoding = 4; lastKnownFileType = sourcecode.c.h; path = DemoFunction.h; sourceTree = "<group>"; };
		EBC2FF2A1CCA28F400D829E1 /* DemoFunction.m */ = {isa = PBXFileReference; fileEncoding = 4; lastKnownFileType = sourcecode.c.objc; path = DemoFunction.m; sourceTree = "<group>"; };
		EBC2FF2C1CCB1B1300D829E1 /* DemoSelector.h */ = {isa = PBXFileReference; fileEncoding = 4; lastKnownFileType = sourcecode.c.h; path = DemoSelector.h; sourceTree = "<group>"; };
		EBC2FF2D1CCB1B1300D829E1 /* DemoSelector.m */ = {isa = PBXFileReference; fileEncoding = 4; lastKnownFileType = sourcecode.c.objc; path = DemoSelector.m; sourceTree = "<group>"; };
		EBC2FF2E1CCB1B1300D829E1 /* DemoSelector.xib */ = {isa = PBXFileReference; fileEncoding = 4; lastKnownFileType = file.xib; path = DemoSelector.xib; sourceTree = "<group>"; };
/* End PBXFileReference section */

/* Begin PBXFrameworksBuildPhase section */
		EBC2FECF1CC878EA00D829E1 /* Frameworks */ = {
			isa = PBXFrameworksBuildPhase;
			buildActionMask = 2147483647;
			files = (
			);
			runOnlyForDeploymentPostprocessing = 0;
		};
/* End PBXFrameworksBuildPhase section */

/* Begin PBXGroup section */
		EBC2FEC91CC878EA00D829E1 = {
			isa = PBXGroup;
			children = (
				EBC2FED41CC878EA00D829E1 /* ObjCExamples */,
				EBC2FED31CC878EA00D829E1 /* Products */,
			);
			sourceTree = "<group>";
		};
		EBC2FED31CC878EA00D829E1 /* Products */ = {
			isa = PBXGroup;
			children = (
				EBC2FED21CC878EA00D829E1 /* ObjCExamples.app */,
			);
			name = Products;
			sourceTree = "<group>";
		};
		EBC2FED41CC878EA00D829E1 /* ObjCExamples */ = {
			isa = PBXGroup;
			children = (
				EBC2FEEC1CC87E7C00D829E1 /* Core */,
				EBC2FF281CCA288500D829E1 /* Basic */,
				EBC2FEE11CC878EA00D829E1 /* Assets.xcassets */,
				EBC2FEE31CC878EA00D829E1 /* LaunchScreen.storyboard */,
				EBC2FEE61CC878EA00D829E1 /* Info.plist */,
				EBC2FED51CC878EA00D829E1 /* Supporting Files */,
			);
			path = ObjCExamples;
			sourceTree = "<group>";
		};
		EBC2FED51CC878EA00D829E1 /* Supporting Files */ = {
			isa = PBXGroup;
			children = (
				EBC2FED61CC878EA00D829E1 /* main.m */,
			);
			name = "Supporting Files";
			sourceTree = "<group>";
		};
		EBC2FEEC1CC87E7C00D829E1 /* Core */ = {
			isa = PBXGroup;
			children = (
				EBC2FEF91CC8887D00D829E1 /* AppDelegate.h */,
				EBC2FEFA1CC8887D00D829E1 /* AppDelegate.m */,
				EBC2FEFB1CC8887D00D829E1 /* BootLogic.h */,
				EBC2FEFC1CC8887D00D829E1 /* BootLogic.m */,
				EBC2FEFD1CC8887D00D829E1 /* ConsoleScreen.h */,
				EBC2FEFE1CC8887D00D829E1 /* ConsoleScreen.m */,
				EBC2FEFF1CC8887D00D829E1 /* MainScreen.h */,
				EBC2FF001CC8887D00D829E1 /* MainScreen.m */,
			);
			name = Core;
			sourceTree = "<group>";
		};
		EBC2FF281CCA288500D829E1 /* Basic */ = {
			isa = PBXGroup;
			children = (
				EBC2FF291CCA28F400D829E1 /* DemoFunction.h */,
				EBC2FF2A1CCA28F400D829E1 /* DemoFunction.m */,
				EBC2FF2C1CCB1B1300D829E1 /* DemoSelector.h */,
				EBC2FF2D1CCB1B1300D829E1 /* DemoSelector.m */,
				EBC2FF2E1CCB1B1300D829E1 /* DemoSelector.xib */,
			);
			name = Basic;
			sourceTree = "<group>";
		};
/* End PBXGroup section */

/* Begin PBXNativeTarget section */
		EBC2FED11CC878EA00D829E1 /* ObjCExamples */ = {
			isa = PBXNativeTarget;
			buildConfigurationList = EBC2FEE91CC878EA00D829E1 /* Build configuration list for PBXNativeTarget "ObjCExamples" */;
			buildPhases = (
				EBC2FECE1CC878EA00D829E1 /* Sources */,
				EBC2FECF1CC878EA00D829E1 /* Frameworks */,
				EBC2FED01CC878EA00D829E1 /* Resources */,
			);
			buildRules = (
			);
			dependencies = (
			);
			name = ObjCExamples;
			productName = ObjCExamples;
			productReference = EBC2FED21CC878EA00D829E1 /* ObjCExamples.app */;
			productType = "com.apple.product-type.application";
		};
/* End PBXNativeTarget section */

/* Begin PBXProject section */
		EBC2FECA1CC878EA00D829E1 /* Project object */ = {
			isa = PBXProject;
			attributes = {
				LastUpgradeCheck = 0730;
				ORGANIZATIONNAME = "Xmob - Longdt";
				TargetAttributes = {
					EBC2FED11CC878EA00D829E1 = {
						CreatedOnToolsVersion = 7.3;
						DevelopmentTeam = 4MV73JYKF6;
					};
				};
			};
			buildConfigurationList = EBC2FECD1CC878EA00D829E1 /* Build configuration list for PBXProject "ObjCExamples" */;
			compatibilityVersion = "Xcode 3.2";
			developmentRegion = English;
			hasScannedForEncodings = 0;
			knownRegions = (
				en,
				Base,
			);
			mainGroup = EBC2FEC91CC878EA00D829E1;
			productRefGroup = EBC2FED31CC878EA00D829E1 /* Products */;
			projectDirPath = "";
			projectRoot = "";
			targets = (
				EBC2FED11CC878EA00D829E1 /* ObjCExamples */,
			);
		};
/* End PBXProject section */

/* Begin PBXResourcesBuildPhase section */
		EBC2FED01CC878EA00D829E1 /* Resources */ = {
			isa = PBXResourcesBuildPhase;
			buildActionMask = 2147483647;
			files = (
				EBC2FEE51CC878EA00D829E1 /* LaunchScreen.storyboard in Resources */,
				EBC2FF301CCB1B1300D829E1 /* DemoSelector.xib in Resources */,
				EBC2FEE21CC878EA00D829E1 /* Assets.xcassets in Resources */,
			);
			runOnlyForDeploymentPostprocessing = 0;
		};
/* End PBXResourcesBuildPhase section */

/* Begin PBXSourcesBuildPhase section */
		EBC2FECE1CC878EA00D829E1 /* Sources */ = {
			isa = PBXSourcesBuildPhase;
			buildActionMask = 2147483647;
			files = (
				EBC2FF021CC8887D00D829E1 /* BootLogic.m in Sources */,
				EBC2FF041CC8887D00D829E1 /* MainScreen.m in Sources */,
				EBC2FF031CC8887D00D829E1 /* ConsoleScreen.m in Sources */,
				EBC2FF011CC8887D00D829E1 /* AppDelegate.m in Sources */,
				EBC2FF2B1CCA28F400D829E1 /* DemoFunction.m in Sources */,
				EBC2FF2F1CCB1B1300D829E1 /* DemoSelector.m in Sources */,
				EBC2FED71CC878EA00D829E1 /* main.m in Sources */,
			);
			runOnlyForDeploymentPostprocessing = 0;
		};
/* End PBXSourcesBuildPhase section */

/* Begin PBXVariantGroup section */
		EBC2FEE31CC878EA00D829E1 /* LaunchScreen.storyboard */ = {
			isa = PBXVariantGroup;
			children = (
				EBC2FEE41CC878EA00D829E1 /* Base */,
			);
			name = LaunchScreen.storyboard;
			sourceTree = "<group>";
		};
/* End PBXVariantGroup section */

/* Begin XCBuildConfiguration section */
		EBC2FEE71CC878EA00D829E1 /* Debug */ = {
			isa = XCBuildConfiguration;
			buildSettings = {
				ALWAYS_SEARCH_USER_PATHS = NO;
				CLANG_ANALYZER_NONNULL = YES;
				CLANG_CXX_LANGUAGE_STANDARD = "gnu++0x";
				CLANG_CXX_LIBRARY = "libc++";
				CLANG_ENABLE_MODULES = YES;
				CLANG_ENABLE_OBJC_ARC = YES;
				CLANG_WARN_BOOL_CONVERSION = YES;
				CLANG_WARN_CONSTANT_CONVERSION = YES;
				CLANG_WARN_DIRECT_OBJC_ISA_USAGE = YES_ERROR;
				CLANG_WARN_EMPTY_BODY = YES;
				CLANG_WARN_ENUM_CONVERSION = YES;
				CLANG_WARN_INT_CONVERSION = YES;
				CLANG_WARN_OBJC_ROOT_CLASS = YES_ERROR;
				CLANG_WARN_UNREACHABLE_CODE = YES;
				CLANG_WARN__DUPLICATE_METHOD_MATCH = YES;
				"CODE_SIGN_IDENTITY[sdk=iphoneos*]" = "iPhone Developer";
				COPY_PHASE_STRIP = NO;
				DEBUG_INFORMATION_FORMAT = dwarf;
				ENABLE_STRICT_OBJC_MSGSEND = YES;
				ENABLE_TESTABILITY = YES;
				GCC_C_LANGUAGE_STANDARD = gnu99;
				GCC_DYNAMIC_NO_PIC = NO;
				GCC_NO_COMMON_BLOCKS = YES;
				GCC_OPTIMIZATION_LEVEL = 0;
				GCC_PREPROCESSOR_DEFINITIONS = (
					"DEBUG=1",
					"$(inherited)",
				);
				GCC_WARN_64_TO_32_BIT_CONVERSION = YES;
				GCC_WARN_ABOUT_RETURN_TYPE = YES_ERROR;
				GCC_WARN_UNDECLARED_SELECTOR = YES;
				GCC_WARN_UNINITIALIZED_AUTOS = YES_AGGRESSIVE;
				GCC_WARN_UNUSED_FUNCTION = YES;
				GCC_WARN_UNUSED_VARIABLE = YES;
				IPHONEOS_DEPLOYMENT_TARGET = 9.3;
				MTL_ENABLE_DEBUG_INFO = YES;
				ONLY_ACTIVE_ARCH = YES;
				SDKROOT = iphoneos;
				TARGETED_DEVICE_FAMILY = "1,2";
			};
			name = Debug;
		};
		EBC2FEE81CC878EA00D829E1 /* Release */ = {
			isa = XCBuildConfiguration;
			buildSettings = {
				ALWAYS_SEARCH_USER_PATHS = NO;
				CLANG_ANALYZER_NONNULL = YES;
				CLANG_CXX_LANGUAGE_STANDARD = "gnu++0x";
				CLANG_CXX_LIBRARY = "libc++";
				CLANG_ENABLE_MODULES = YES;
				CLANG_ENABLE_OBJC_ARC = YES;
				CLANG_WARN_BOOL_CONVERSION = YES;
				CLANG_WARN_CONSTANT_CONVERSION = YES;
				CLANG_WARN_DIRECT_OBJC_ISA_USAGE = YES_ERROR;
				CLANG_WARN_EMPTY_BODY = YES;
				CLANG_WARN_ENUM_CONVERSION = YES;
				CLANG_WARN_INT_CONVERSION = YES;
				CLANG_WARN_OBJC_ROOT_CLASS = YES_ERROR;
				CLANG_WARN_UNREACHABLE_CODE = YES;
				CLANG_WARN__DUPLICATE_METHOD_MATCH = YES;
				"CODE_SIGN_IDENTITY[sdk=iphoneos*]" = "iPhone Developer";
				COPY_PHASE_STRIP = NO;
				DEBUG_INFORMATION_FORMAT = "dwarf-with-dsym";
				ENABLE_NS_ASSERTIONS = NO;
				ENABLE_STRICT_OBJC_MSGSEND = YES;
				GCC_C_LANGUAGE_STANDARD = gnu99;
				GCC_NO_COMMON_BLOCKS = YES;
				GCC_WARN_64_TO_32_BIT_CONVERSION = YES;
				GCC_WARN_ABOUT_RETURN_TYPE = YES_ERROR;
				GCC_WARN_UNDECLARED_SELECTOR = YES;
				GCC_WARN_UNINITIALIZED_AUTOS = YES_AGGRESSIVE;
				GCC_WARN_UNUSED_FUNCTION = YES;
				GCC_WARN_UNUSED_VARIABLE = YES;
				IPHONEOS_DEPLOYMENT_TARGET = 9.3;
				MTL_ENABLE_DEBUG_INFO = NO;
				SDKROOT = iphoneos;
				TARGETED_DEVICE_FAMILY = "1,2";
				VALIDATE_PRODUCT = YES;
			};
			name = Release;
		};
		EBC2FEEA1CC878EA00D829E1 /* Debug */ = {
			isa = XCBuildConfiguration;
			buildSettings = {
				ASSETCATALOG_COMPILER_APPICON_NAME = AppIcon;
				CODE_SIGN_IDENTITY = "iPhone Developer";
				INFOPLIST_FILE = ObjCExamples/Info.plist;
				LD_RUNPATH_SEARCH_PATHS = "$(inherited) @executable_path/Frameworks";
				PRODUCT_BUNDLE_IDENTIFIER = Longdt.ObjCExamples;
				PRODUCT_NAME = "$(TARGET_NAME)";
			};
			name = Debug;
		};
		EBC2FEEB1CC878EA00D829E1 /* Release */ = {
			isa = XCBuildConfiguration;
			buildSettings = {
				ASSETCATALOG_COMPILER_APPICON_NAME = AppIcon;
				CODE_SIGN_IDENTITY = "iPhone Developer";
				INFOPLIST_FILE = ObjCExamples/Info.plist;
				LD_RUNPATH_SEARCH_PATHS = "$(inherited) @executable_path/Frameworks";
				PRODUCT_BUNDLE_IDENTIFIER = Longdt.ObjCExamples;
				PRODUCT_NAME = "$(TARGET_NAME)";
			};
			name = Release;
		};
/* End XCBuildConfiguration section */

/* Begin XCConfigurationList section */
		EBC2FECD1CC878EA00D829E1 /* Build configuration list for PBXProject "ObjCExamples" */ = {
			isa = XCConfigurationList;
			buildConfigurations = (
				EBC2FEE71CC878EA00D829E1 /* Debug */,
				EBC2FEE81CC878EA00D829E1 /* Release */,
			);
			defaultConfigurationIsVisible = 0;
			defaultConfigurationName = Release;
		};
		EBC2FEE91CC878EA00D829E1 /* Build configuration list for PBXNativeTarget "ObjCExamples" */ = {
			isa = XCConfigurationList;
			buildConfigurations = (
				EBC2FEEA1CC878EA00D829E1 /* Debug */,
				EBC2FEEB1CC878EA00D829E1 /* Release */,
			);
			defaultConfigurationIsVisible = 0;
			defaultConfigurationName = Release;
		};
/* End XCConfigurationList section */
	};
	rootObject = EBC2FECA1CC878EA00D829E1 /* Project object */;
}
